
Microsoft Visual Studio Solution File, Format Version 12.00
# Visual Studio 15
VisualStudioVersion = 15.0.26124.0
MinimumVisualStudioVersion = 15.0.26124.0
Project("{FAE04EC0-301F-11D3-BF4B-00C04F79EFBC}") = "DelExample", "DelExample\DelExample.csproj", "{207B61A5-BC85-47BB-8DB0-E995BCE7D2B9}"
EndProject
Project("{FAE04EC0-301F-11D3-BF4B-00C04F79EFBC}") = "EventExample", "EventExample\EventExample.csproj", "{95B1237B-EE9B-45A7-849C-12D59AECAA55}"
EndProject
Project("{FAE04EC0-301F-11D3-BF4B-00C04F79EFBC}") = "FuncExample", "FuncExample\FuncExample.csproj", "{90511B3F-BAE1-486A-96B5-D1BFFAF3B26F}"
EndProject
Project("{FAE04EC0-301F-11D3-BF4B-00C04F79EFBC}") = "Lambada", "Lambada\Lambada.csproj", "{1B06BF08-C4CB-4415-A1DB-25656D1F043A}"
EndProject
Global
	GlobalSection(SolutionConfigurationPlatforms) = preSolution
		Debug|Any CPU = Debug|Any CPU
		Debug|x64 = Debug|x64
		Debug|x86 = Debug|x86
		Release|Any CPU = Release|Any CPU
		Release|x64 = Release|x64
		Release|x86 = Release|x86
	EndGlobalSection
	GlobalSection(SolutionProperties) = preSolution
		HideSolutionNode = FALSE
	EndGlobalSection
	GlobalSection(ProjectConfigurationPlatforms) = postSolution
		{207B61A5-BC85-47BB-8DB0-E995BCE7D2B9}.Debug|Any CPU.ActiveCfg = Debug|Any CPU
		{207B61A5-BC85-47BB-8DB0-E995BCE7D2B9}.Debug|Any CPU.Build.0 = Debug|Any CPU
		{207B61A5-BC85-47BB-8DB0-E995BCE7D2B9}.Debug|x64.ActiveCfg = Debug|Any CPU
		{207B61A5-BC85-47BB-8DB0-E995BCE7D2B9}.Debug|x64.Build.0 = Debug|Any CPU
		{207B61A5-BC85-47BB-8DB0-E995BCE7D2B9}.Debug|x86.ActiveCfg = Debug|Any CPU
		{207B61A5-BC85-47BB-8DB0-E995BCE7D2B9}.Debug|x86.Build.0 = Debug|Any CPU
		{207B61A5-BC85-47BB-8DB0-E995BCE7D2B9}.Release|Any CPU.ActiveCfg = Release|Any CPU
		{207B61A5-BC85-47BB-8DB0-E995BCE7D2B9}.Release|Any CPU.Build.0 = Release|Any CPU
		{207B61A5-BC85-47BB-8DB0-E995BCE7D2B9}.Release|x64.ActiveCfg = Release|Any CPU
		{207B61A5-BC85-47BB-8DB0-E995BCE7D2B9}.Release|x64.Build.0 = Release|Any CPU
		{207B61A5-BC85-47BB-8DB0-E995BCE7D2B9}.Release|x86.ActiveCfg = Release|Any CPU
		{207B61A5-BC85-47BB-8DB0-E995BCE7D2B9}.Release|x86.Build.0 = Release|Any CPU
		{95B1237B-EE9B-45A7-849C-12D59AECAA55}.Debug|Any CPU.ActiveCfg = Debug|Any CPU
		{95B1237B-EE9B-45A7-849C-12D59AECAA55}.Debug|Any CPU.Build.0 = Debug|Any CPU
		{95B1237B-EE9B-45A7-849C-12D59AECAA55}.Debug|x64.ActiveCfg = Debug|Any CPU
		{95B1237B-EE9B-45A7-849C-12D59AECAA55}.Debug|x64.Build.0 = Debug|Any CPU
		{95B1237B-EE9B-45A7-849C-12D59AECAA55}.Debug|x86.ActiveCfg = Debug|Any CPU
		{95B1237B-EE9B-45A7-849C-12D59AECAA55}.Debug|x86.Build.0 = Debug|Any CPU
		{95B1237B-EE9B-45A7-849C-12D59AECAA55}.Release|Any CPU.ActiveCfg = Release|Any CPU
		{95B1237B-EE9B-45A7-849C-12D59AECAA55}.Release|Any CPU.Build.0 = Release|Any CPU
		{95B1237B-EE9B-45A7-849C-12D59AECAA55}.Release|x64.ActiveCfg = Release|Any CPU
		{95B1237B-EE9B-45A7-849C-12D59AECAA55}.Release|x64.Build.0 = Release|Any CPU
		{95B1237B-EE9B-45A7-849C-12D59AECAA55}.Release|x86.ActiveCfg = Release|Any CPU
		{95B1237B-EE9B-45A7-849C-12D59AECAA55}.Release|x86.Build.0 = Release|Any CPU
		{90511B3F-BAE1-486A-96B5-D1BFFAF3B26F}.Debug|Any CPU.ActiveCfg = Debug|Any CPU
		{90511B3F-BAE1-486A-96B5-D1BFFAF3B26F}.Debug|Any CPU.Build.0 = Debug|Any CPU
		{90511B3F-BAE1-486A-96B5-D1BFFAF3B26F}.Debug|x64.ActiveCfg = Debug|Any CPU
		{90511B3F-BAE1-486A-96B5-D1BFFAF3B26F}.Debug|x64.Build.0 = Debug|Any CPU
		{90511B3F-BAE1-486A-96B5-D1BFFAF3B26F}.Debug|x86.ActiveCfg = Debug|Any CPU
		{90511B3F-BAE1-486A-96B5-D1BFFAF3B26F}.Debug|x86.Build.0 = Debug|Any CPU
		{90511B3F-BAE1-486A-96B5-D1BFFAF3B26F}.Release|Any CPU.ActiveCfg = Release|Any CPU
		{90511B3F-BAE1-486A-96B5-D1BFFAF3B26F}.Release|Any CPU.Build.0 = Release|Any CPU
		{90511B3F-BAE1-486A-96B5-D1BFFAF3B26F}.Release|x64.ActiveCfg = Release|Any CPU
		{90511B3F-BAE1-486A-96B5-D1BFFAF3B26F}.Release|x64.Build.0 = Release|Any CPU
		{90511B3F-BAE1-486A-96B5-D1BFFAF3B26F}.Release|x86.ActiveCfg = Release|Any CPU
		{90511B3F-BAE1-486A-96B5-D1BFFAF3B26F}.Release|x86.Build.0 = Release|Any CPU
		{1B06BF08-C4CB-4415-A1DB-25656D1F043A}.Debug|Any CPU.ActiveCfg = Debug|Any CPU
		{1B06BF08-C4CB-4415-A1DB-25656D1F043A}.Debug|Any CPU.Build.0 = Debug|Any CPU
		{1B06BF08-C4CB-4415-A1DB-25656D1F043A}.Debug|x64.ActiveCfg = Debug|Any CPU
		{1B06BF08-C4CB-4415-A1DB-25656D1F043A}.Debug|x64.Build.0 = Debug|Any CPU
		{1B06BF08-C4CB-4415-A1DB-25656D1F043A}.Debug|x86.ActiveCfg = Debug|Any CPU
		{1B06BF08-C4CB-4415-A1DB-25656D1F043A}.Debug|x86.Build.0 = Debug|Any CPU
		{1B06BF08-C4CB-4415-A1DB-25656D1F043A}.Release|Any CPU.ActiveCfg = Release|Any CPU
		{1B06BF08-C4CB-4415-A1DB-25656D1F043A}.Release|Any CPU.Build.0 = Release|Any CPU
		{1B06BF08-C4CB-4415-A1DB-25656D1F043A}.Release|x64.ActiveCfg = Release|Any CPU
		{1B06BF08-C4CB-4415-A1DB-25656D1F043A}.Release|x64.Build.0 = Release|Any CPU
		{1B06BF08-C4CB-4415-A1DB-25656D1F043A}.Release|x86.ActiveCfg = Release|Any CPU
		{1B06BF08-C4CB-4415-A1DB-25656D1F043A}.Release|x86.Build.0 = Release|Any CPU
	EndGlobalSection
EndGlobal
