
Microsoft Visual Studio Solution File, Format Version 12.00
# Visual Studio Version 16
VisualStudioVersion = 16.0.29503.13
MinimumVisualStudioVersion = 10.0.40219.1
Project("{9A19103F-16F7-4668-BE54-9A1E7A4F7556}") = "DCP2", "DCP2\DCP2.csproj", "{2376CE5E-1B83-4BFF-A94A-E8F86A66C3B0}"
EndProject
Project("{9A19103F-16F7-4668-BE54-9A1E7A4F7556}") = "DCP1", "DCP1\DCP1.csproj", "{952919DE-F139-4FAF-8620-CBDE6F6A91E2}"
EndProject
Project("{9A19103F-16F7-4668-BE54-9A1E7A4F7556}") = "DCP8", "DCP8\DCP8.csproj", "{FB1A6208-65A2-42E1-A8A8-2C2088D128F8}"
EndProject
Project("{FAE04EC0-301F-11D3-BF4B-00C04F79EFBC}") = "DCP 7", "DCP 7\DCP 7.csproj", "{14F73870-2166-4C04-B935-213D2B6DA948}"
EndProject
Project("{FAE04EC0-301F-11D3-BF4B-00C04F79EFBC}") = "DCP 4", "DCP 4\DCP 4.csproj", "{2C0093DC-705B-443D-959F-2F4F2A049722}"
EndProject
Project("{FAE04EC0-301F-11D3-BF4B-00C04F79EFBC}") = "DCP 12", "DCP 12\DCP 12.csproj", "{5071AF64-D890-485F-8A18-535567750BBF}"
EndProject
Project("{FAE04EC0-301F-11D3-BF4B-00C04F79EFBC}") = "DCP13", "DCP13\DCP13.csproj", "{D71FB301-D46E-4762-9D16-9BA6FA7CFB83}"
EndProject
Global
	GlobalSection(SolutionConfigurationPlatforms) = preSolution
		Debug|Any CPU = Debug|Any CPU
		Release|Any CPU = Release|Any CPU
	EndGlobalSection
	GlobalSection(ProjectConfigurationPlatforms) = postSolution
		{2376CE5E-1B83-4BFF-A94A-E8F86A66C3B0}.Debug|Any CPU.ActiveCfg = Debug|Any CPU
		{2376CE5E-1B83-4BFF-A94A-E8F86A66C3B0}.Debug|Any CPU.Build.0 = Debug|Any CPU
		{2376CE5E-1B83-4BFF-A94A-E8F86A66C3B0}.Release|Any CPU.ActiveCfg = Release|Any CPU
		{2376CE5E-1B83-4BFF-A94A-E8F86A66C3B0}.Release|Any CPU.Build.0 = Release|Any CPU
		{952919DE-F139-4FAF-8620-CBDE6F6A91E2}.Debug|Any CPU.ActiveCfg = Debug|Any CPU
		{952919DE-F139-4FAF-8620-CBDE6F6A91E2}.Debug|Any CPU.Build.0 = Debug|Any CPU
		{952919DE-F139-4FAF-8620-CBDE6F6A91E2}.Release|Any CPU.ActiveCfg = Release|Any CPU
		{952919DE-F139-4FAF-8620-CBDE6F6A91E2}.Release|Any CPU.Build.0 = Release|Any CPU
		{FB1A6208-65A2-42E1-A8A8-2C2088D128F8}.Debug|Any CPU.ActiveCfg = Debug|Any CPU
		{FB1A6208-65A2-42E1-A8A8-2C2088D128F8}.Debug|Any CPU.Build.0 = Debug|Any CPU
		{FB1A6208-65A2-42E1-A8A8-2C2088D128F8}.Release|Any CPU.ActiveCfg = Release|Any CPU
		{FB1A6208-65A2-42E1-A8A8-2C2088D128F8}.Release|Any CPU.Build.0 = Release|Any CPU
		{14F73870-2166-4C04-B935-213D2B6DA948}.Debug|Any CPU.ActiveCfg = Debug|Any CPU
		{14F73870-2166-4C04-B935-213D2B6DA948}.Debug|Any CPU.Build.0 = Debug|Any CPU
		{14F73870-2166-4C04-B935-213D2B6DA948}.Release|Any CPU.ActiveCfg = Release|Any CPU
		{14F73870-2166-4C04-B935-213D2B6DA948}.Release|Any CPU.Build.0 = Release|Any CPU
		{2C0093DC-705B-443D-959F-2F4F2A049722}.Debug|Any CPU.ActiveCfg = Debug|Any CPU
		{2C0093DC-705B-443D-959F-2F4F2A049722}.Debug|Any CPU.Build.0 = Debug|Any CPU
		{2C0093DC-705B-443D-959F-2F4F2A049722}.Release|Any CPU.ActiveCfg = Release|Any CPU
		{2C0093DC-705B-443D-959F-2F4F2A049722}.Release|Any CPU.Build.0 = Release|Any CPU
		{5071AF64-D890-485F-8A18-535567750BBF}.Debug|Any CPU.ActiveCfg = Debug|Any CPU
		{5071AF64-D890-485F-8A18-535567750BBF}.Debug|Any CPU.Build.0 = Debug|Any CPU
		{5071AF64-D890-485F-8A18-535567750BBF}.Release|Any CPU.ActiveCfg = Release|Any CPU
		{5071AF64-D890-485F-8A18-535567750BBF}.Release|Any CPU.Build.0 = Release|Any CPU
		{D71FB301-D46E-4762-9D16-9BA6FA7CFB83}.Debug|Any CPU.ActiveCfg = Debug|Any CPU
		{D71FB301-D46E-4762-9D16-9BA6FA7CFB83}.Debug|Any CPU.Build.0 = Debug|Any CPU
		{D71FB301-D46E-4762-9D16-9BA6FA7CFB83}.Release|Any CPU.ActiveCfg = Release|Any CPU
		{D71FB301-D46E-4762-9D16-9BA6FA7CFB83}.Release|Any CPU.Build.0 = Release|Any CPU
	EndGlobalSection
	GlobalSection(SolutionProperties) = preSolution
		HideSolutionNode = FALSE
	EndGlobalSection
	GlobalSection(ExtensibilityGlobals) = postSolution
		SolutionGuid = {3D6ED5A8-71D3-484D-B22F-114D851BA369}
	EndGlobalSection
EndGlobal
