
Microsoft Visual Studio Solution File, Format Version 12.00
# Visual Studio Version 16
VisualStudioVersion = 16.0.29503.13
MinimumVisualStudioVersion = 10.0.40219.1
Project("{9A19103F-16F7-4668-BE54-9A1E7A4F7556}") = "DCP8", "DevskillPS\DCP8.csproj", "{4876FF1C-EA74-4164-877B-E15DC7A8EFD1}"
EndProject
Project("{FAE04EC0-301F-11D3-BF4B-00C04F79EFBC}") = "DCP1", "DCP8\DCP1.csproj", "{0E60D89A-4AC8-4AC1-9DC9-FA5DDD8C2D19}"
EndProject
Project("{FAE04EC0-301F-11D3-BF4B-00C04F79EFBC}") = "DCP2", "DCP2\DCP2.csproj", "{2376CE5E-1B83-4BFF-A94A-E8F86A66C3B0}"
EndProject
Global
	GlobalSection(SolutionConfigurationPlatforms) = preSolution
		Debug|Any CPU = Debug|Any CPU
		Release|Any CPU = Release|Any CPU
	EndGlobalSection
	GlobalSection(ProjectConfigurationPlatforms) = postSolution
		{4876FF1C-EA74-4164-877B-E15DC7A8EFD1}.Debug|Any CPU.ActiveCfg = Debug|Any CPU
		{4876FF1C-EA74-4164-877B-E15DC7A8EFD1}.Debug|Any CPU.Build.0 = Debug|Any CPU
		{4876FF1C-EA74-4164-877B-E15DC7A8EFD1}.Release|Any CPU.ActiveCfg = Release|Any CPU
		{4876FF1C-EA74-4164-877B-E15DC7A8EFD1}.Release|Any CPU.Build.0 = Release|Any CPU
		{0E60D89A-4AC8-4AC1-9DC9-FA5DDD8C2D19}.Debug|Any CPU.ActiveCfg = Debug|Any CPU
		{0E60D89A-4AC8-4AC1-9DC9-FA5DDD8C2D19}.Debug|Any CPU.Build.0 = Debug|Any CPU
		{0E60D89A-4AC8-4AC1-9DC9-FA5DDD8C2D19}.Release|Any CPU.ActiveCfg = Release|Any CPU
		{0E60D89A-4AC8-4AC1-9DC9-FA5DDD8C2D19}.Release|Any CPU.Build.0 = Release|Any CPU
		{2376CE5E-1B83-4BFF-A94A-E8F86A66C3B0}.Debug|Any CPU.ActiveCfg = Debug|Any CPU
		{2376CE5E-1B83-4BFF-A94A-E8F86A66C3B0}.Debug|Any CPU.Build.0 = Debug|Any CPU
		{2376CE5E-1B83-4BFF-A94A-E8F86A66C3B0}.Release|Any CPU.ActiveCfg = Release|Any CPU
		{2376CE5E-1B83-4BFF-A94A-E8F86A66C3B0}.Release|Any CPU.Build.0 = Release|Any CPU
	EndGlobalSection
	GlobalSection(SolutionProperties) = preSolution
		HideSolutionNode = FALSE
	EndGlobalSection
	GlobalSection(ExtensibilityGlobals) = postSolution
		SolutionGuid = {3D6ED5A8-71D3-484D-B22F-114D851BA369}
	EndGlobalSection
EndGlobal
